{
  "version": 4,
  "terraform_version": "1.1.7",
  "serial": 130,
  "lineage": "45b93452-98ae-447c-6956-d13907ff64b0",
  "outputs": {},
  "resources": [
    {
      "mode": "managed",
      "type": "aws_glue_catalog_database",
      "name": "athena-glue-database",
      "provider": "provider[\"registry.terraform.io/hashicorp/aws\"]",
      "instances": [
        {
          "schema_version": 0,
          "attributes": {
            "arn": "arn:aws:glue:eu-west-2:351312122817:database/lyndon-30222-glu-db",
            "catalog_id": "351312122817",
            "create_table_default_permission": [
              {
                "permissions": [
                  "ALL"
                ],
                "principal": [
                  {
                    "data_lake_principal_identifier": "IAM_ALLOWED_PRINCIPALS"
                  }
                ]
              }
            ],
            "description": "",
            "id": "351312122817:lyndon-30222-glu-db",
            "location_uri": "",
            "name": "lyndon-30222-glu-db",
            "parameters": null,
            "target_database": []
          },
          "sensitive_attributes": [],
          "private": "bnVsbA=="
        }
      ]
    },
    {
      "mode": "managed",
      "type": "aws_glue_catalog_table",
      "name": "athena-glue-table",
      "provider": "provider[\"registry.terraform.io/hashicorp/aws\"]",
      "instances": [
        {
          "schema_version": 0,
          "attributes": {
            "arn": "arn:aws:glue:eu-west-2:351312122817:table/lyndon-30222-glu-db/lyndon-30222-glu-table",
            "catalog_id": "351312122817",
            "database_name": "lyndon-30222-glu-db",
            "description": "",
            "id": "351312122817:lyndon-30222-glu-db:lyndon-30222-glu-table",
            "name": "lyndon-30222-glu-table",
            "owner": "",
            "parameters": {
              "EXTERNAL": "TRUE"
            },
            "partition_index": null,
            "partition_keys": [],
            "retention": 0,
            "storage_descriptor": [
              {
                "bucket_columns": null,
                "columns": [
                  {
                    "comment": "",
                    "name": "age",
                    "parameters": null,
                    "type": "int"
                  },
                  {
                    "comment": "",
                    "name": "console",
                    "parameters": null,
                    "type": "string"
                  },
                  {
                    "comment": "",
                    "name": "game",
                    "parameters": null,
                    "type": "string"
                  },
                  {
                    "comment": "",
                    "name": "name",
                    "parameters": null,
                    "type": "string"
                  }
                ],
                "compressed": false,
                "input_format": "org.apache.hadoop.mapred.TextInputFormat",
                "location": "s3://lyndon30222-athena-store-pjk5acid/data/",
                "number_of_buckets": 0,
                "output_format": "org.apache.hadoop.hive.ql.io.IgnoreKeyTextOutputFormat",
                "parameters": null,
                "schema_reference": [],
                "ser_de_info": [
                  {
                    "name": "lyndon-30222-stream",
                    "parameters": {
                      "serialization.format": "1"
                    },
                    "serialization_library": "org.openx.data.jsonserde.JsonSerDe"
                  }
                ],
                "skewed_info": [],
                "sort_columns": [],
                "stored_as_sub_directories": false
              }
            ],
            "table_type": "EXTERNAL_TABLE",
            "target_table": [],
            "view_expanded_text": "",
            "view_original_text": ""
          },
          "sensitive_attributes": [],
          "private": "bnVsbA==",
          "dependencies": [
            "aws_glue_catalog_database.athena-glue-database",
            "aws_s3_bucket.athena-store",
            "random_string.this"
          ]
        }
      ]
    },
    {
      "mode": "managed",
      "type": "aws_s3_bucket",
      "name": "athena-store",
      "provider": "provider[\"registry.terraform.io/hashicorp/aws\"]",
      "instances": [
        {
          "schema_version": 0,
          "attributes": {
            "acceleration_status": "",
            "acl": "private",
            "arn": "arn:aws:s3:::lyndon30222-athena-store-pjk5acid",
            "bucket": "lyndon30222-athena-store-pjk5acid",
            "bucket_domain_name": "lyndon30222-athena-store-pjk5acid.s3.amazonaws.com",
            "bucket_prefix": null,
            "bucket_regional_domain_name": "lyndon30222-athena-store-pjk5acid.s3.eu-west-2.amazonaws.com",
            "cors_rule": [],
            "force_destroy": true,
            "grant": [],
            "hosted_zone_id": "Z3GKZC51ZF0DB4",
            "id": "lyndon30222-athena-store-pjk5acid",
            "lifecycle_rule": [],
            "logging": [],
            "object_lock_configuration": [],
            "policy": "",
            "region": "eu-west-2",
            "replication_configuration": [],
            "request_payer": "BucketOwner",
            "server_side_encryption_configuration": [],
            "tags": {
              "Owner": "Lyndon30222"
            },
            "tags_all": {
              "Owner": "Lyndon30222"
            },
            "versioning": [
              {
                "enabled": false,
                "mfa_delete": false
              }
            ],
            "website": [],
            "website_domain": null,
            "website_endpoint": null
          },
          "sensitive_attributes": [],
          "private": "bnVsbA==",
          "dependencies": [
            "random_string.this"
          ]
        }
      ]
    },
    {
      "mode": "managed",
      "type": "aws_s3_bucket_public_access_block",
      "name": "athena-store-block-public",
      "provider": "provider[\"registry.terraform.io/hashicorp/aws\"]",
      "instances": [
        {
          "schema_version": 0,
          "attributes": {
            "block_public_acls": true,
            "block_public_policy": true,
            "bucket": "lyndon30222-athena-store-pjk5acid",
            "id": "lyndon30222-athena-store-pjk5acid",
            "ignore_public_acls": false,
            "restrict_public_buckets": false
          },
          "sensitive_attributes": [],
          "private": "bnVsbA==",
          "dependencies": [
            "aws_s3_bucket.athena-store",
            "random_string.this"
          ]
        }
      ]
    },
    {
      "mode": "managed",
      "type": "aws_s3_object",
      "name": "object",
      "provider": "provider[\"registry.terraform.io/hashicorp/aws\"]",
      "instances": [
        {
          "schema_version": 0,
          "attributes": {
            "acl": "private",
            "bucket": "lyndon30222-athena-store-pjk5acid",
            "bucket_key_enabled": false,
            "cache_control": "",
            "content": null,
            "content_base64": null,
            "content_disposition": "",
            "content_encoding": "",
            "content_language": "",
            "content_type": "binary/octet-stream",
            "etag": "d0d983333f52774b93f4ac0cfdf9e5ef",
            "force_destroy": false,
            "id": "data/athena-test-dataset-pjK5ACID",
            "key": "data/athena-test-dataset-pjK5ACID",
            "kms_key_id": null,
            "metadata": null,
            "object_lock_legal_hold_status": "",
            "object_lock_mode": "",
            "object_lock_retain_until_date": "",
            "server_side_encryption": "",
            "source": "data/dataset",
            "source_hash": null,
            "storage_class": "STANDARD",
            "tags": null,
            "tags_all": {},
            "version_id": "",
            "website_redirect": ""
          },
          "sensitive_attributes": [],
          "private": "bnVsbA==",
          "dependencies": [
            "aws_s3_bucket.athena-store",
            "random_string.this"
          ]
        }
      ]
    },
    {
      "mode": "managed",
      "type": "random_string",
      "name": "this",
      "provider": "provider[\"registry.terraform.io/hashicorp/random\"]",
      "instances": [
        {
          "schema_version": 1,
          "attributes": {
            "id": "pjK5ACID",
            "keepers": null,
            "length": 8,
            "lower": true,
            "min_lower": 0,
            "min_numeric": 0,
            "min_special": 0,
            "min_upper": 0,
            "number": true,
            "override_special": "-",
            "result": "pjK5ACID",
            "special": true,
            "upper": true
          },
          "sensitive_attributes": [],
          "private": "eyJzY2hlbWFfdmVyc2lvbiI6IjEifQ=="
        }
      ]
    }
  ]
}
